{
  "version": "5",
  "specifiers": {
    "jsr:@std/assert@1": "1.0.14",
    "jsr:@std/dotenv@*": "0.225.5",
    "jsr:@std/internal@^1.0.10": "1.0.10",
    "npm:@prisma/client@^6.16.2": "6.16.2_prisma@6.16.1",
    "npm:@types/node@*": "24.2.0",
    "npm:he@^1.2.0": "1.2.0",
    "npm:hono@^4.10.6": "4.10.6",
    "npm:prisma@*": "6.16.1",
    "npm:prisma@^6.16.2": "6.16.2",
    "npm:prisma@latest": "6.16.1"
  },
  "jsr": {
    "@std/assert@1.0.14": {
      "integrity": "68d0d4a43b365abc927f45a9b85c639ea18a9fab96ad92281e493e4ed84abaa4",
      "dependencies": [
        "jsr:@std/internal"
      ]
    },
    "@std/dotenv@0.225.5": {
      "integrity": "9ce6f9d0ec3311f74a32535aa1b8c62ed88b1ab91b7f0815797d77a6f60c922f"
    },
    "@std/internal@1.0.10": {
      "integrity": "e3be62ce42cab0e177c27698e5d9800122f67b766a0bea6ca4867886cbde8cf7"
    }
  },
  "npm": {
    "@prisma/client@6.16.2_prisma@6.16.1": {
      "integrity": "sha512-E00PxBcalMfYO/TWnXobBVUai6eW/g5OsifWQsQDzJYm7yaY+IRLo7ZLsaefi0QkTpxfuhFcQ/w180i6kX3iJw==",
      "dependencies": [
        "prisma@6.16.1"
      ],
      "optionalPeers": [
        "prisma@6.16.1"
      ],
      "scripts": true
    },
    "@prisma/config@6.16.1": {
      "integrity": "sha512-sz3uxRPNL62QrJ0EYiujCFkIGZ3hg+9hgC1Ae1HjoYuj0BxCqHua4JNijYvYCrh9LlofZDZcRBX3tHBfLvAngA==",
      "dependencies": [
        "c12",
        "deepmerge-ts",
        "effect",
        "empathic"
      ]
    },
    "@prisma/config@6.16.2": {
      "integrity": "sha512-mKXSUrcqXj0LXWPmJsK2s3p9PN+aoAbyMx7m5E1v1FufofR1ZpPoIArjjzOIm+bJRLLvYftoNYLx1tbHgF9/yg==",
      "dependencies": [
        "c12",
        "deepmerge-ts",
        "effect",
        "empathic"
      ]
    },
    "@prisma/debug@6.16.1": {
      "integrity": "sha512-RWv/VisW5vJE4cDRTuAHeVedtGoItXTnhuLHsSlJ9202QKz60uiXWywBlVcqXVq8bFeIZoCoWH+R1duZJPwqLw=="
    },
    "@prisma/debug@6.16.2": {
      "integrity": "sha512-bo4/gA/HVV6u8YK2uY6glhNsJ7r+k/i5iQ9ny/3q5bt9ijCj7WMPUwfTKPvtEgLP+/r26Z686ly11hhcLiQ8zA=="
    },
    "@prisma/engines-version@6.16.0-7.1c57fdcd7e44b29b9313256c76699e91c3ac3c43": {
      "integrity": "sha512-ThvlDaKIVrnrv97ujNFDYiQbeMQpLa0O86HFA2mNoip4mtFqM7U5GSz2ie1i2xByZtvPztJlNRgPsXGeM/kqAA=="
    },
    "@prisma/engines@6.16.1": {
      "integrity": "sha512-EOnEM5HlosPudBqbI+jipmaW/vQEaF0bKBo4gVkGabasINHR6RpC6h44fKZEqx4GD8CvH+einD2+b49DQrwrAg==",
      "dependencies": [
        "@prisma/debug@6.16.1",
        "@prisma/engines-version",
        "@prisma/fetch-engine@6.16.1",
        "@prisma/get-platform@6.16.1"
      ],
      "scripts": true
    },
    "@prisma/engines@6.16.2": {
      "integrity": "sha512-7yf3AjfPUgsg/l7JSu1iEhsmZZ/YE00yURPjTikqm2z4btM0bCl2coFtTGfeSOWbQMmq45Jab+53yGUIAT1sjA==",
      "dependencies": [
        "@prisma/debug@6.16.2",
        "@prisma/engines-version",
        "@prisma/fetch-engine@6.16.2",
        "@prisma/get-platform@6.16.2"
      ],
      "scripts": true
    },
    "@prisma/fetch-engine@6.16.1": {
      "integrity": "sha512-fl/PKQ8da5YTayw86WD3O9OmKJEM43gD3vANy2hS5S1CnfW2oPXk+Q03+gUWqcKK306QqhjjIHRFuTZ31WaosQ==",
      "dependencies": [
        "@prisma/debug@6.16.1",
        "@prisma/engines-version",
        "@prisma/get-platform@6.16.1"
      ]
    },
    "@prisma/fetch-engine@6.16.2": {
      "integrity": "sha512-wPnZ8DMRqpgzye758ZvfAMiNJRuYpz+rhgEBZi60ZqDIgOU2694oJxiuu3GKFeYeR/hXxso4/2oBC243t/whxQ==",
      "dependencies": [
        "@prisma/debug@6.16.2",
        "@prisma/engines-version",
        "@prisma/get-platform@6.16.2"
      ]
    },
    "@prisma/get-platform@6.16.1": {
      "integrity": "sha512-kUfg4vagBG7dnaGRcGd1c0ytQFcDj2SUABiuveIpL3bthFdTLI6PJeLEia6Q8Dgh+WhPdo0N2q0Fzjk63XTyaA==",
      "dependencies": [
        "@prisma/debug@6.16.1"
      ]
    },
    "@prisma/get-platform@6.16.2": {
      "integrity": "sha512-U/P36Uke5wS7r1+omtAgJpEB94tlT4SdlgaeTc6HVTTT93pXj7zZ+B/cZnmnvjcNPfWddgoDx8RLjmQwqGDYyA==",
      "dependencies": [
        "@prisma/debug@6.16.2"
      ]
    },
    "@standard-schema/spec@1.0.0": {
      "integrity": "sha512-m2bOd0f2RT9k8QJx1JN85cZYyH1RqFBdlwtkSlf4tBDYLCiiZnv1fIIwacK6cqwXavOydf0NPToMQgpKq+dVlA=="
    },
    "@types/node@24.2.0": {
      "integrity": "sha512-3xyG3pMCq3oYCNg7/ZP+E1ooTaGB4cG8JWRsqqOYQdbWNY4zbaV0Ennrd7stjiJEFZCaybcIgpTjJWHRfBSIDw==",
      "dependencies": [
        "undici-types"
      ]
    },
    "c12@3.1.0": {
      "integrity": "sha512-uWoS8OU1MEIsOv8p/5a82c3H31LsWVR5qiyXVfBNOzfffjUWtPnhAb4BYI2uG2HfGmZmFjCtui5XNWaps+iFuw==",
      "dependencies": [
        "chokidar",
        "confbox",
        "defu",
        "dotenv",
        "exsolve",
        "giget",
        "jiti",
        "ohash",
        "pathe",
        "perfect-debounce",
        "pkg-types",
        "rc9"
      ]
    },
    "chokidar@4.0.3": {
      "integrity": "sha512-Qgzu8kfBvo+cA4962jnP1KkS6Dop5NS6g7R5LFYJr4b8Ub94PPQXUksCw9PvXoeXPRRddRNC5C1JQUR2SMGtnA==",
      "dependencies": [
        "readdirp"
      ]
    },
    "citty@0.1.6": {
      "integrity": "sha512-tskPPKEs8D2KPafUypv2gxwJP8h/OaJmC82QQGGDQcHvXX43xF2VDACcJVmZ0EuSxkpO9Kc4MlrA3q0+FG58AQ==",
      "dependencies": [
        "consola"
      ]
    },
    "confbox@0.2.2": {
      "integrity": "sha512-1NB+BKqhtNipMsov4xI/NnhCKp9XG9NamYp5PVm9klAT0fsrNPjaFICsCFhNhwZJKNh7zB/3q8qXz0E9oaMNtQ=="
    },
    "consola@3.4.2": {
      "integrity": "sha512-5IKcdX0nnYavi6G7TtOhwkYzyjfJlatbjMjuLSfE2kYT5pMDOilZ4OvMhi637CcDICTmz3wARPoyhqyX1Y+XvA=="
    },
    "deepmerge-ts@7.1.5": {
      "integrity": "sha512-HOJkrhaYsweh+W+e74Yn7YStZOilkoPb6fycpwNLKzSPtruFs48nYis0zy5yJz1+ktUhHxoRDJ27RQAWLIJVJw=="
    },
    "defu@6.1.4": {
      "integrity": "sha512-mEQCMmwJu317oSz8CwdIOdwf3xMif1ttiM8LTufzc3g6kR+9Pe236twL8j3IYT1F7GfRgGcW6MWxzZjLIkuHIg=="
    },
    "destr@2.0.5": {
      "integrity": "sha512-ugFTXCtDZunbzasqBxrK93Ik/DRYsO6S/fedkWEMKqt04xZ4csmnmwGDBAb07QWNaGMAmnTIemsYZCksjATwsA=="
    },
    "dotenv@16.6.1": {
      "integrity": "sha512-uBq4egWHTcTt33a72vpSG0z3HnPuIl6NqYcTrKEg2azoEyl2hpW0zqlxysq2pK9HlDIHyHyakeYaYnSAwd8bow=="
    },
    "effect@3.16.12": {
      "integrity": "sha512-N39iBk0K71F9nb442TLbTkjl24FLUzuvx2i1I2RsEAQsdAdUTuUoW0vlfUXgkMTUOnYqKnWcFfqw4hK4Pw27hg==",
      "dependencies": [
        "@standard-schema/spec",
        "fast-check"
      ]
    },
    "empathic@2.0.0": {
      "integrity": "sha512-i6UzDscO/XfAcNYD75CfICkmfLedpyPDdozrLMmQc5ORaQcdMoc21OnlEylMIqI7U8eniKrPMxxtj8k0vhmJhA=="
    },
    "exsolve@1.0.7": {
      "integrity": "sha512-VO5fQUzZtI6C+vx4w/4BWJpg3s/5l+6pRQEHzFRM8WFi4XffSP1Z+4qi7GbjWbvRQEbdIco5mIMq+zX4rPuLrw=="
    },
    "fast-check@3.23.2": {
      "integrity": "sha512-h5+1OzzfCC3Ef7VbtKdcv7zsstUQwUDlYpUTvjeUsJAssPgLn7QzbboPtL5ro04Mq0rPOsMzl7q5hIbRs2wD1A==",
      "dependencies": [
        "pure-rand"
      ]
    },
    "giget@2.0.0": {
      "integrity": "sha512-L5bGsVkxJbJgdnwyuheIunkGatUF/zssUoxxjACCseZYAVbaqdh9Tsmmlkl8vYan09H7sbvKt4pS8GqKLBrEzA==",
      "dependencies": [
        "citty",
        "consola",
        "defu",
        "node-fetch-native",
        "nypm",
        "pathe"
      ],
      "bin": true
    },
    "he@1.2.0": {
      "integrity": "sha512-F/1DnUGPopORZi0ni+CvrCgHQ5FyEAHRLSApuYWMmrbSwoN2Mn/7k+Gl38gJnR7yyDZk6WLXwiGod1JOWNDKGw==",
      "bin": true
    },
    "hono@4.10.6": {
      "integrity": "sha512-BIdolzGpDO9MQ4nu3AUuDwHZZ+KViNm+EZ75Ae55eMXMqLVhDFqEMXxtUe9Qh8hjL+pIna/frs2j6Y2yD5Ua/g=="
    },
    "jiti@2.5.1": {
      "integrity": "sha512-twQoecYPiVA5K/h6SxtORw/Bs3ar+mLUtoPSc7iMXzQzK8d7eJ/R09wmTwAjiamETn1cXYPGfNnu7DMoHgu12w==",
      "bin": true
    },
    "node-fetch-native@1.6.7": {
      "integrity": "sha512-g9yhqoedzIUm0nTnTqAQvueMPVOuIY16bqgAJJC8XOOubYFNwz6IER9qs0Gq2Xd0+CecCKFjtdDTMA4u4xG06Q=="
    },
    "nypm@0.6.2": {
      "integrity": "sha512-7eM+hpOtrKrBDCh7Ypu2lJ9Z7PNZBdi/8AT3AX8xoCj43BBVHD0hPSTEvMtkMpfs8FCqBGhxB+uToIQimA111g==",
      "dependencies": [
        "citty",
        "consola",
        "pathe",
        "pkg-types",
        "tinyexec"
      ],
      "bin": true
    },
    "ohash@2.0.11": {
      "integrity": "sha512-RdR9FQrFwNBNXAr4GixM8YaRZRJ5PUWbKYbE5eOsrwAjJW0q2REGcf79oYPsLyskQCZG1PLN+S/K1V00joZAoQ=="
    },
    "pathe@2.0.3": {
      "integrity": "sha512-WUjGcAqP1gQacoQe+OBJsFA7Ld4DyXuUIjZ5cc75cLHvJ7dtNsTugphxIADwspS+AraAUePCKrSVtPLFj/F88w=="
    },
    "perfect-debounce@1.0.0": {
      "integrity": "sha512-xCy9V055GLEqoFaHoC1SoLIaLmWctgCUaBaWxDZ7/Zx4CTyX7cJQLJOok/orfjZAh9kEYpjJa4d0KcJmCbctZA=="
    },
    "pkg-types@2.3.0": {
      "integrity": "sha512-SIqCzDRg0s9npO5XQ3tNZioRY1uK06lA41ynBC1YmFTmnY6FjUjVt6s4LoADmwoig1qqD0oK8h1p/8mlMx8Oig==",
      "dependencies": [
        "confbox",
        "exsolve",
        "pathe"
      ]
    },
    "prisma@6.16.1": {
      "integrity": "sha512-MFkMU0eaDDKAT4R/By2IA9oQmwLTxokqv2wegAErr9Rf+oIe7W2sYpE/Uxq0H2DliIR7vnV63PkC1bEwUtl98w==",
      "dependencies": [
        "@prisma/config@6.16.1",
        "@prisma/engines@6.16.1"
      ],
      "scripts": true,
      "bin": true
    },
    "prisma@6.16.2": {
      "integrity": "sha512-aRvldGE5UUJTtVmFiH3WfNFNiqFlAtePUxcI0UEGlnXCX7DqhiMT5TRYwncHFeA/Reca5W6ToXXyCMTeFPdSXA==",
      "dependencies": [
        "@prisma/config@6.16.2",
        "@prisma/engines@6.16.2"
      ],
      "scripts": true,
      "bin": true
    },
    "pure-rand@6.1.0": {
      "integrity": "sha512-bVWawvoZoBYpp6yIoQtQXHZjmz35RSVHnUOTefl8Vcjr8snTPY1wnpSPMWekcFwbxI6gtmT7rSYPFvz71ldiOA=="
    },
    "rc9@2.1.2": {
      "integrity": "sha512-btXCnMmRIBINM2LDZoEmOogIZU7Qe7zn4BpomSKZ/ykbLObuBdvG+mFq11DL6fjH1DRwHhrlgtYWG96bJiC7Cg==",
      "dependencies": [
        "defu",
        "destr"
      ]
    },
    "readdirp@4.1.2": {
      "integrity": "sha512-GDhwkLfywWL2s6vEjyhri+eXmfH6j1L7JE27WhqLeYzoh/A3DBaYGEj2H/HFZCn/kMfim73FXxEJTw06WtxQwg=="
    },
    "tinyexec@1.0.1": {
      "integrity": "sha512-5uC6DDlmeqiOwCPmK9jMSdOuZTh8bU39Ys6yidB+UTt5hfZUPGAypSgFRiEp+jbi9qH40BLDvy85jIU88wKSqw=="
    },
    "undici-types@7.10.0": {
      "integrity": "sha512-t5Fy/nfn+14LuOc2KNYg75vZqClpAiqscVvMygNnlsHBFpSXdJaYtXMcdNLpl/Qvc3P2cB3s6lOV51nqsFq4ag=="
    }
  },
  "remote": {
    "https://deno.land/std@0.176.0/_util/asserts.ts": "178dfc49a464aee693a7e285567b3d0b555dc805ff490505a8aae34f9cfb1462",
    "https://deno.land/std@0.176.0/_util/os.ts": "d932f56d41e4f6a6093d56044e29ce637f8dcc43c5a90af43504a889cf1775e3",
    "https://deno.land/std@0.176.0/encoding/hex.ts": "50f8c95b52eae24395d3dfcb5ec1ced37c5fe7610ef6fffdcc8b0fdc38e3b32f",
    "https://deno.land/std@0.176.0/fmt/colors.ts": "938c5d44d889fb82eff6c358bea8baa7e85950a16c9f6dae3ec3a7a729164471",
    "https://deno.land/std@0.176.0/fs/_util.ts": "65381f341af1ff7f40198cee15c20f59951ac26e51ddc651c5293e24f9ce6f32",
    "https://deno.land/std@0.176.0/fs/copy.ts": "14214efd94fc3aa6db1e4af2b4b9578e50f7362b7f3725d5a14ad259a5df26c8",
    "https://deno.land/std@0.176.0/fs/empty_dir.ts": "c3d2da4c7352fab1cf144a1ecfef58090769e8af633678e0f3fabaef98594688",
    "https://deno.land/std@0.176.0/fs/ensure_dir.ts": "724209875497a6b4628dfb256116e5651c4f7816741368d6c44aab2531a1e603",
    "https://deno.land/std@0.176.0/fs/ensure_file.ts": "c38602670bfaf259d86ca824a94e6cb9e5eb73757fefa4ebf43a90dd017d53d9",
    "https://deno.land/std@0.176.0/fs/ensure_link.ts": "c0f5b2f0ec094ed52b9128eccb1ee23362a617457aa0f699b145d4883f5b2fb4",
    "https://deno.land/std@0.176.0/fs/ensure_symlink.ts": "2955cc8332aeca9bdfefd05d8d3976b94e282b0f353392a71684808ed2ffdd41",
    "https://deno.land/std@0.176.0/fs/eol.ts": "f1f2eb348a750c34500741987b21d65607f352cf7205f48f4319d417fff42842",
    "https://deno.land/std@0.176.0/fs/exists.ts": "b8c8a457b71e9d7f29b9d2f87aad8dba2739cbe637e8926d6ba6e92567875f8e",
    "https://deno.land/std@0.176.0/fs/expand_glob.ts": "45d17e89796a24bd6002e4354eda67b4301bb8ba67d2cac8453cdabccf1d9ab0",
    "https://deno.land/std@0.176.0/fs/mod.ts": "bc3d0acd488cc7b42627044caf47d72019846d459279544e1934418955ba4898",
    "https://deno.land/std@0.176.0/fs/move.ts": "4cb47f880e3f0582c55e71c9f8b1e5e8cfaacb5e84f7390781dd563b7298ec19",
    "https://deno.land/std@0.176.0/fs/walk.ts": "ea95ffa6500c1eda6b365be488c056edc7c883a1db41ef46ec3bf057b1c0fe32",
    "https://deno.land/std@0.176.0/path/_constants.ts": "e49961f6f4f48039c0dfed3c3f93e963ca3d92791c9d478ac5b43183413136e0",
    "https://deno.land/std@0.176.0/path/_interface.ts": "6471159dfbbc357e03882c2266d21ef9afdb1e4aa771b0545e90db58a0ba314b",
    "https://deno.land/std@0.176.0/path/_util.ts": "d7abb1e0dea065f427b89156e28cdeb32b045870acdf865833ba808a73b576d0",
    "https://deno.land/std@0.176.0/path/common.ts": "ee7505ab01fd22de3963b64e46cff31f40de34f9f8de1fff6a1bd2fe79380000",
    "https://deno.land/std@0.176.0/path/glob.ts": "d479e0a695621c94d3fd7fe7abd4f9499caf32a8de13f25073451c6ef420a4e1",
    "https://deno.land/std@0.176.0/path/mod.ts": "4b83694ac500d7d31b0cdafc927080a53dc0c3027eb2895790fb155082b0d232",
    "https://deno.land/std@0.176.0/path/posix.ts": "8b7c67ac338714b30c816079303d0285dd24af6b284f7ad63da5b27372a2c94d",
    "https://deno.land/std@0.176.0/path/separator.ts": "0fb679739d0d1d7bf45b68dacfb4ec7563597a902edbaf3c59b50d5bcadd93b1",
    "https://deno.land/std@0.176.0/path/win32.ts": "d186344e5583bcbf8b18af416d13d82b35a317116e6460a5a3953508c3de5bba",
    "https://deno.land/std@0.179.0/_util/asserts.ts": "178dfc49a464aee693a7e285567b3d0b555dc805ff490505a8aae34f9cfb1462",
    "https://deno.land/std@0.179.0/_util/os.ts": "d932f56d41e4f6a6093d56044e29ce637f8dcc43c5a90af43504a889cf1775e3",
    "https://deno.land/std@0.179.0/path/_constants.ts": "e49961f6f4f48039c0dfed3c3f93e963ca3d92791c9d478ac5b43183413136e0",
    "https://deno.land/std@0.179.0/path/_interface.ts": "6471159dfbbc357e03882c2266d21ef9afdb1e4aa771b0545e90db58a0ba314b",
    "https://deno.land/std@0.179.0/path/_util.ts": "d7abb1e0dea065f427b89156e28cdeb32b045870acdf865833ba808a73b576d0",
    "https://deno.land/std@0.179.0/path/common.ts": "ee7505ab01fd22de3963b64e46cff31f40de34f9f8de1fff6a1bd2fe79380000",
    "https://deno.land/std@0.179.0/path/glob.ts": "d479e0a695621c94d3fd7fe7abd4f9499caf32a8de13f25073451c6ef420a4e1",
    "https://deno.land/std@0.179.0/path/mod.ts": "4b83694ac500d7d31b0cdafc927080a53dc0c3027eb2895790fb155082b0d232",
    "https://deno.land/std@0.179.0/path/posix.ts": "8b7c67ac338714b30c816079303d0285dd24af6b284f7ad63da5b27372a2c94d",
    "https://deno.land/std@0.179.0/path/separator.ts": "0fb679739d0d1d7bf45b68dacfb4ec7563597a902edbaf3c59b50d5bcadd93b1",
    "https://deno.land/std@0.179.0/path/win32.ts": "d186344e5583bcbf8b18af416d13d82b35a317116e6460a5a3953508c3de5bba",
    "https://deno.land/x/plug@1.0.1/deps.ts": "35ea2acd5e3e11846817a429b7ef4bec47b80f2d988f5d63797147134cbd35c2",
    "https://deno.land/x/plug@1.0.1/download.ts": "8d6a023ade0806a0653b48cd5f6f8b15fcfaa1dbf2aa1f4bc90fc5732d27b144",
    "https://deno.land/x/plug@1.0.1/mod.ts": "5dec80ee7a3a325be45c03439558531bce7707ac118f4376cebbd6740ff24bfb",
    "https://deno.land/x/plug@1.0.1/types.ts": "d8eb738fc6ed883e6abf77093442c2f0b71af9090f15c7613621d4039e410ee1",
    "https://deno.land/x/plug@1.0.1/util.ts": "5ba8127b9adc36e070b9e22971fb8106869eea1741f452a87b4861e574f13481",
    "https://deno.land/x/sqlite3@0.9.1/deno.json": "50895b0bb0c13ae38b93413d7f9f62652f6e7076cd99b9876f6b3b7f6c488dca",
    "https://deno.land/x/sqlite3@0.9.1/deps.ts": "f6035f0884a730c0d55b0cdce68846f13bbfc14e8afbf0b3cd4f12a52b4107b7",
    "https://deno.land/x/sqlite3@0.9.1/mod.ts": "d41b8b30e1b20b537ef4d78cae98d90f6bd65c727b64aa1a18bffbb28f7d6ec3",
    "https://deno.land/x/sqlite3@0.9.1/src/blob.ts": "3681353b3c97bc43f9b02f8d1c3269c0dc4eb9cb5d3af16c7ce4d1e1ec7507c4",
    "https://deno.land/x/sqlite3@0.9.1/src/constants.ts": "85fd27aa6e199093f25f5f437052e16fd0e0870b96ca9b24a98e04ddc8b7d006",
    "https://deno.land/x/sqlite3@0.9.1/src/database.ts": "c326446463955f276dcbe18547ede4b19ea3085bef0980548c0a58d830b3b5d9",
    "https://deno.land/x/sqlite3@0.9.1/src/ffi.ts": "b83f6d16179be7a97a298d6e8172941dbf532058e7c2b3df3a708beefe285c90",
    "https://deno.land/x/sqlite3@0.9.1/src/statement.ts": "4773bc8699a9084b93e65126cd5f9219c248de1fce447270bdae2c3630637150",
    "https://deno.land/x/sqlite3@0.9.1/src/util.ts": "3892904eb057271d4072215c3e7ffe57a9e59e4df78ac575046eb278ca6239cd"
  },
  "workspace": {
    "dependencies": [
      "jsr:@std/assert@1",
      "npm:@prisma/client@^6.16.2",
      "npm:he@^1.2.0",
      "npm:hono@^4.10.6",
      "npm:prisma@^6.16.2"
    ]
  }
}
